
Microsoft Visual Studio Solution File, Format Version 12.00
# Visual Studio Version 16
VisualStudioVersion = 16.0.32228.343
MinimumVisualStudioVersion = 10.0.40219.1
Project("{8BC9CEB8-8B4A-11D0-8D11-00A0C91BC942}") = "存在重复元素", "存在重复元素\存在重复元素.vcxproj", "{019FFF5E-B0F2-4EBC-A52A-0AB7A4621FEE}"
EndProject
Project("{8BC9CEB8-8B4A-11D0-8D11-00A0C91BC942}") = "最大子数组和", "最大子数组和\最大子数组和.vcxproj", "{B1476411-A896-489A-B95A-7BCBFACC5D92}"
EndProject
Global
	GlobalSection(SolutionConfigurationPlatforms) = preSolution
		Debug|x64 = Debug|x64
		Debug|x86 = Debug|x86
		Release|x64 = Release|x64
		Release|x86 = Release|x86
	EndGlobalSection
	GlobalSection(ProjectConfigurationPlatforms) = postSolution
		{019FFF5E-B0F2-4EBC-A52A-0AB7A4621FEE}.Debug|x64.ActiveCfg = Debug|x64
		{019FFF5E-B0F2-4EBC-A52A-0AB7A4621FEE}.Debug|x64.Build.0 = Debug|x64
		{019FFF5E-B0F2-4EBC-A52A-0AB7A4621FEE}.Debug|x86.ActiveCfg = Debug|Win32
		{019FFF5E-B0F2-4EBC-A52A-0AB7A4621FEE}.Debug|x86.Build.0 = Debug|Win32
		{019FFF5E-B0F2-4EBC-A52A-0AB7A4621FEE}.Release|x64.ActiveCfg = Release|x64
		{019FFF5E-B0F2-4EBC-A52A-0AB7A4621FEE}.Release|x64.Build.0 = Release|x64
		{019FFF5E-B0F2-4EBC-A52A-0AB7A4621FEE}.Release|x86.ActiveCfg = Release|Win32
		{019FFF5E-B0F2-4EBC-A52A-0AB7A4621FEE}.Release|x86.Build.0 = Release|Win32
		{B1476411-A896-489A-B95A-7BCBFACC5D92}.Debug|x64.ActiveCfg = Debug|x64
		{B1476411-A896-489A-B95A-7BCBFACC5D92}.Debug|x64.Build.0 = Debug|x64
		{B1476411-A896-489A-B95A-7BCBFACC5D92}.Debug|x86.ActiveCfg = Debug|Win32
		{B1476411-A896-489A-B95A-7BCBFACC5D92}.Debug|x86.Build.0 = Debug|Win32
		{B1476411-A896-489A-B95A-7BCBFACC5D92}.Release|x64.ActiveCfg = Release|x64
		{B1476411-A896-489A-B95A-7BCBFACC5D92}.Release|x64.Build.0 = Release|x64
		{B1476411-A896-489A-B95A-7BCBFACC5D92}.Release|x86.ActiveCfg = Release|Win32
		{B1476411-A896-489A-B95A-7BCBFACC5D92}.Release|x86.Build.0 = Release|Win32
	EndGlobalSection
	GlobalSection(SolutionProperties) = preSolution
		HideSolutionNode = FALSE
	EndGlobalSection
	GlobalSection(ExtensibilityGlobals) = postSolution
		SolutionGuid = {2FCC4098-7682-4E2B-8BD1-DBB2A985A046}
	EndGlobalSection
EndGlobal
