
Microsoft Visual Studio Solution File, Format Version 12.00
# Visual Studio Version 16
VisualStudioVersion = 16.0.32510.428
MinimumVisualStudioVersion = 10.0.40219.1
Project("{8BC9CEB8-8B4A-11D0-8D11-00A0C91BC942}") = "括号匹配", "括号匹配\括号匹配.vcxproj", "{93390CB2-F001-42FF-A8B6-78590889809B}"
EndProject
Project("{8BC9CEB8-8B4A-11D0-8D11-00A0C91BC942}") = "栈实现队列", "栈实现队列\栈实现队列.vcxproj", "{3D7D54AF-DE8A-4B7C-9070-499E123405D9}"
EndProject
Global
	GlobalSection(SolutionConfigurationPlatforms) = preSolution
		Debug|x64 = Debug|x64
		Debug|x86 = Debug|x86
		Release|x64 = Release|x64
		Release|x86 = Release|x86
	EndGlobalSection
	GlobalSection(ProjectConfigurationPlatforms) = postSolution
		{93390CB2-F001-42FF-A8B6-78590889809B}.Debug|x64.ActiveCfg = Debug|x64
		{93390CB2-F001-42FF-A8B6-78590889809B}.Debug|x64.Build.0 = Debug|x64
		{93390CB2-F001-42FF-A8B6-78590889809B}.Debug|x86.ActiveCfg = Debug|Win32
		{93390CB2-F001-42FF-A8B6-78590889809B}.Debug|x86.Build.0 = Debug|Win32
		{93390CB2-F001-42FF-A8B6-78590889809B}.Release|x64.ActiveCfg = Release|x64
		{93390CB2-F001-42FF-A8B6-78590889809B}.Release|x64.Build.0 = Release|x64
		{93390CB2-F001-42FF-A8B6-78590889809B}.Release|x86.ActiveCfg = Release|Win32
		{93390CB2-F001-42FF-A8B6-78590889809B}.Release|x86.Build.0 = Release|Win32
		{3D7D54AF-DE8A-4B7C-9070-499E123405D9}.Debug|x64.ActiveCfg = Debug|x64
		{3D7D54AF-DE8A-4B7C-9070-499E123405D9}.Debug|x64.Build.0 = Debug|x64
		{3D7D54AF-DE8A-4B7C-9070-499E123405D9}.Debug|x86.ActiveCfg = Debug|Win32
		{3D7D54AF-DE8A-4B7C-9070-499E123405D9}.Debug|x86.Build.0 = Debug|Win32
		{3D7D54AF-DE8A-4B7C-9070-499E123405D9}.Release|x64.ActiveCfg = Release|x64
		{3D7D54AF-DE8A-4B7C-9070-499E123405D9}.Release|x64.Build.0 = Release|x64
		{3D7D54AF-DE8A-4B7C-9070-499E123405D9}.Release|x86.ActiveCfg = Release|Win32
		{3D7D54AF-DE8A-4B7C-9070-499E123405D9}.Release|x86.Build.0 = Release|Win32
	EndGlobalSection
	GlobalSection(SolutionProperties) = preSolution
		HideSolutionNode = FALSE
	EndGlobalSection
	GlobalSection(ExtensibilityGlobals) = postSolution
		SolutionGuid = {EFF72BAF-A87E-4CAE-9F87-0A42F6602A49}
	EndGlobalSection
EndGlobal
